
Microsoft Visual Studio Solution File, Format Version 12.00
# Visual Studio Version 17
VisualStudioVersion = 17.4.33213.308
MinimumVisualStudioVersion = 10.0.40219.1
Project("{9A19103F-16F7-4668-BE54-9A1E7A4F7556}") = "MagniSchool", "MagniSchool\MagniSchool.csproj", "{DA05EC91-D565-4FEB-ABAF-90704B344A3D}"
EndProject
Global
	GlobalSection(SolutionConfigurationPlatforms) = preSolution
		Debug|Any CPU = Debug|Any CPU
		Release|Any CPU = Release|Any CPU
	EndGlobalSection
	GlobalSection(ProjectConfigurationPlatforms) = postSolution
		{DA05EC91-D565-4FEB-ABAF-90704B344A3D}.Debug|Any CPU.ActiveCfg = Debug|Any CPU
		{DA05EC91-D565-4FEB-ABAF-90704B344A3D}.Debug|Any CPU.Build.0 = Debug|Any CPU
		{DA05EC91-D565-4FEB-ABAF-90704B344A3D}.Release|Any CPU.ActiveCfg = Release|Any CPU
		{DA05EC91-D565-4FEB-ABAF-90704B344A3D}.Release|Any CPU.Build.0 = Release|Any CPU
	EndGlobalSection
	GlobalSection(SolutionProperties) = preSolution
		HideSolutionNode = FALSE
	EndGlobalSection
	GlobalSection(ExtensibilityGlobals) = postSolution
		SolutionGuid = {B8769CAF-325C-436E-9FD0-FCF07B5CF0FC}
	EndGlobalSection
EndGlobal
